
Microsoft Visual Studio Solution File, Format Version 12.00
# Visual Studio 14
VisualStudioVersion = 14.0.25420.1
MinimumVisualStudioVersion = 10.0.40219.1
Project("{8BC9CEB8-8B4A-11D0-8D11-00A0C91BC942}") = "tld_track", "tld_track\tld_track.vcxproj", "{85A77CAB-8369-4713-849D-4EC13B0FD77B}"
EndProject
Project("{54435603-DBB4-11D2-8724-00A0C9A8B90C}") = "autoLabel", "autoLabel\autoLabel.vdproj", "{0E267307-538A-48D2-BF83-8DA77180AEAD}"
EndProject
Global
	GlobalSection(SolutionConfigurationPlatforms) = preSolution
		CD_ROM|x64 = CD_ROM|x64
		CD_ROM|x86 = CD_ROM|x86
		Debug|x64 = Debug|x64
		Debug|x86 = Debug|x86
		DVD-5|x64 = DVD-5|x64
		DVD-5|x86 = DVD-5|x86
		Release|x64 = Release|x64
		Release|x86 = Release|x86
		Release1|x64 = Release1|x64
		Release1|x86 = Release1|x86
		SingleImage|x64 = SingleImage|x64
		SingleImage|x86 = SingleImage|x86
	EndGlobalSection
	GlobalSection(ProjectConfigurationPlatforms) = postSolution
		{85A77CAB-8369-4713-849D-4EC13B0FD77B}.CD_ROM|x64.ActiveCfg = Release|x64
		{85A77CAB-8369-4713-849D-4EC13B0FD77B}.CD_ROM|x64.Build.0 = Release|x64
		{85A77CAB-8369-4713-849D-4EC13B0FD77B}.CD_ROM|x86.ActiveCfg = Release|Win32
		{85A77CAB-8369-4713-849D-4EC13B0FD77B}.CD_ROM|x86.Build.0 = Release|Win32
		{85A77CAB-8369-4713-849D-4EC13B0FD77B}.Debug|x64.ActiveCfg = Debug|x64
		{85A77CAB-8369-4713-849D-4EC13B0FD77B}.Debug|x64.Build.0 = Debug|x64
		{85A77CAB-8369-4713-849D-4EC13B0FD77B}.Debug|x86.ActiveCfg = Debug|Win32
		{85A77CAB-8369-4713-849D-4EC13B0FD77B}.Debug|x86.Build.0 = Debug|Win32
		{85A77CAB-8369-4713-849D-4EC13B0FD77B}.DVD-5|x64.ActiveCfg = Debug|x64
		{85A77CAB-8369-4713-849D-4EC13B0FD77B}.DVD-5|x64.Build.0 = Debug|x64
		{85A77CAB-8369-4713-849D-4EC13B0FD77B}.DVD-5|x86.ActiveCfg = Debug|Win32
		{85A77CAB-8369-4713-849D-4EC13B0FD77B}.DVD-5|x86.Build.0 = Debug|Win32
		{85A77CAB-8369-4713-849D-4EC13B0FD77B}.Release|x64.ActiveCfg = Release|x64
		{85A77CAB-8369-4713-849D-4EC13B0FD77B}.Release|x64.Build.0 = Release|x64
		{85A77CAB-8369-4713-849D-4EC13B0FD77B}.Release|x64.Deploy.0 = Release|x64
		{85A77CAB-8369-4713-849D-4EC13B0FD77B}.Release|x86.ActiveCfg = Release|Win32
		{85A77CAB-8369-4713-849D-4EC13B0FD77B}.Release|x86.Build.0 = Release|Win32
		{85A77CAB-8369-4713-849D-4EC13B0FD77B}.Release1|x64.ActiveCfg = Release|x64
		{85A77CAB-8369-4713-849D-4EC13B0FD77B}.Release1|x64.Build.0 = Release|x64
		{85A77CAB-8369-4713-849D-4EC13B0FD77B}.Release1|x86.ActiveCfg = Release|Win32
		{85A77CAB-8369-4713-849D-4EC13B0FD77B}.Release1|x86.Build.0 = Release|Win32
		{85A77CAB-8369-4713-849D-4EC13B0FD77B}.SingleImage|x64.ActiveCfg = Release|x64
		{85A77CAB-8369-4713-849D-4EC13B0FD77B}.SingleImage|x64.Build.0 = Release|x64
		{85A77CAB-8369-4713-849D-4EC13B0FD77B}.SingleImage|x86.ActiveCfg = Release|Win32
		{85A77CAB-8369-4713-849D-4EC13B0FD77B}.SingleImage|x86.Build.0 = Release|Win32
		{0E267307-538A-48D2-BF83-8DA77180AEAD}.CD_ROM|x64.ActiveCfg = Release
		{0E267307-538A-48D2-BF83-8DA77180AEAD}.CD_ROM|x64.Build.0 = Release
		{0E267307-538A-48D2-BF83-8DA77180AEAD}.CD_ROM|x86.ActiveCfg = Release
		{0E267307-538A-48D2-BF83-8DA77180AEAD}.CD_ROM|x86.Build.0 = Release
		{0E267307-538A-48D2-BF83-8DA77180AEAD}.Debug|x64.ActiveCfg = Debug
		{0E267307-538A-48D2-BF83-8DA77180AEAD}.Debug|x86.ActiveCfg = Debug
		{0E267307-538A-48D2-BF83-8DA77180AEAD}.DVD-5|x64.ActiveCfg = Debug
		{0E267307-538A-48D2-BF83-8DA77180AEAD}.DVD-5|x64.Build.0 = Debug
		{0E267307-538A-48D2-BF83-8DA77180AEAD}.DVD-5|x86.ActiveCfg = Debug
		{0E267307-538A-48D2-BF83-8DA77180AEAD}.DVD-5|x86.Build.0 = Debug
		{0E267307-538A-48D2-BF83-8DA77180AEAD}.Release|x64.ActiveCfg = Release
		{0E267307-538A-48D2-BF83-8DA77180AEAD}.Release|x86.ActiveCfg = Release
		{0E267307-538A-48D2-BF83-8DA77180AEAD}.Release1|x64.ActiveCfg = Release
		{0E267307-538A-48D2-BF83-8DA77180AEAD}.Release1|x86.ActiveCfg = Release
		{0E267307-538A-48D2-BF83-8DA77180AEAD}.SingleImage|x64.ActiveCfg = Release
		{0E267307-538A-48D2-BF83-8DA77180AEAD}.SingleImage|x64.Build.0 = Release
		{0E267307-538A-48D2-BF83-8DA77180AEAD}.SingleImage|x86.ActiveCfg = Release
		{0E267307-538A-48D2-BF83-8DA77180AEAD}.SingleImage|x86.Build.0 = Release
	EndGlobalSection
	GlobalSection(SolutionProperties) = preSolution
		HideSolutionNode = FALSE
	EndGlobalSection
EndGlobal
